
Microsoft Visual Studio Solution File, Format Version 12.00
# Visual Studio 2012
Project("{8BC9CEB8-8B4A-11D0-8D11-00A0C91BC942}") = "ConsoleApplication3", "ConsoleApplication3\ConsoleApplication3.vcxproj", "{DCBE88F3-A5B9-4291-B734-D55F368ED482}"
EndProject
Global
	GlobalSection(SolutionConfigurationPlatforms) = preSolution
		Debug|Win32 = Debug|Win32
		Release|Win32 = Release|Win32
	EndGlobalSection
	GlobalSection(ProjectConfigurationPlatforms) = postSolution
		{DCBE88F3-A5B9-4291-B734-D55F368ED482}.Debug|Win32.ActiveCfg = Debug|Win32
		{DCBE88F3-A5B9-4291-B734-D55F368ED482}.Debug|Win32.Build.0 = Debug|Win32
		{DCBE88F3-A5B9-4291-B734-D55F368ED482}.Release|Win32.ActiveCfg = Release|Win32
		{DCBE88F3-A5B9-4291-B734-D55F368ED482}.Release|Win32.Build.0 = Release|Win32
	EndGlobalSection
	GlobalSection(SolutionProperties) = preSolution
		HideSolutionNode = FALSE
	EndGlobalSection
EndGlobal
